
Microsoft Visual Studio Solution File, Format Version 12.00
# Visual Studio Version 16
VisualStudioVersion = 16.0.30717.126
MinimumVisualStudioVersion = 10.0.40219.1
Project("{F2A71F9B-5D33-465A-A702-920D77279786}") = "GOL", "GOL\GOL.fsproj", "{FF624F95-1B4C-4594-A62E-93971E719466}"
EndProject
Global
	GlobalSection(SolutionConfigurationPlatforms) = preSolution
		Debug|Any CPU = Debug|Any CPU
		Release|Any CPU = Release|Any CPU
	EndGlobalSection
	GlobalSection(ProjectConfigurationPlatforms) = postSolution
		{FF624F95-1B4C-4594-A62E-93971E719466}.Debug|Any CPU.ActiveCfg = Debug|Any CPU
		{FF624F95-1B4C-4594-A62E-93971E719466}.Debug|Any CPU.Build.0 = Debug|Any CPU
		{FF624F95-1B4C-4594-A62E-93971E719466}.Release|Any CPU.ActiveCfg = Release|Any CPU
		{FF624F95-1B4C-4594-A62E-93971E719466}.Release|Any CPU.Build.0 = Release|Any CPU
	EndGlobalSection
	GlobalSection(SolutionProperties) = preSolution
		HideSolutionNode = FALSE
	EndGlobalSection
	GlobalSection(ExtensibilityGlobals) = postSolution
		SolutionGuid = {9FB929F0-F71E-497E-A5F4-376021414910}
	EndGlobalSection
EndGlobal
